
Microsoft Visual Studio Solution File, Format Version 12.00
# Visual Studio 15
VisualStudioVersion = 15.0.27428.2015
MinimumVisualStudioVersion = 10.0.40219.1
Project("{FAE04EC0-301F-11D3-BF4B-00C04F79EFBC}") = "Application.Styles", "Application\Styles\Application.Styles.csproj", "{6ABE378B-7B8B-48D7-B94F-3F7F9BB2D916}"
EndProject
Project("{FAE04EC0-301F-11D3-BF4B-00C04F79EFBC}") = "Modeles.Models", "Modeles\Models\Modeles.Models.csproj", "{7336BAC7-2AB0-431F-83C1-7CFA66FBB69A}"
EndProject
Project("{FAE04EC0-301F-11D3-BF4B-00C04F79EFBC}") = "Services.Controls", "Services\Controls\Services.Controls.csproj", "{6505F59C-6464-4593-8952-54F13805631B}"
EndProject
Project("{2150E333-8FDC-42A3-9474-1A3956D46DE8}") = "Modeles", "Modeles", "{01C78EAF-0EF0-40A7-AB6B-DC0C0B26B0A5}"
EndProject
Project("{2150E333-8FDC-42A3-9474-1A3956D46DE8}") = "Services", "Services", "{912DC122-1062-404B-8443-9D6ABBD1A635}"
EndProject
Project("{2150E333-8FDC-42A3-9474-1A3956D46DE8}") = "Application", "Application", "{5D744AE0-EB78-4805-9B8B-8250F50067B7}"
EndProject
Project("{2150E333-8FDC-42A3-9474-1A3956D46DE8}") = "Stockage", "Stockage", "{AF19A36E-9F91-4D49-8CCB-589EC06FEE95}"
EndProject
Project("{FAE04EC0-301F-11D3-BF4B-00C04F79EFBC}") = "Services.Commands", "Services\Commands\Services.Commands.csproj", "{F8B5713E-783A-4294-B432-B950CDDE62B9}"
EndProject
Project("{FAE04EC0-301F-11D3-BF4B-00C04F79EFBC}") = "Stockage.managers", "Stockage\managers\Stockage.managers.csproj", "{6EC6EF78-0227-4D63-A457-D8FBFBAE52B0}"
EndProject
Project("{FAE04EC0-301F-11D3-BF4B-00C04F79EFBC}") = "Modeles.Interfaces", "Modeles\Interfaces\Modeles.Interfaces.csproj", "{2B675900-3D53-43B4-9B3C-B784A6AF45BB}"
EndProject
Global
	GlobalSection(SolutionConfigurationPlatforms) = preSolution
		Debug|Any CPU = Debug|Any CPU
		Release|Any CPU = Release|Any CPU
	EndGlobalSection
	GlobalSection(ProjectConfigurationPlatforms) = postSolution
		{6ABE378B-7B8B-48D7-B94F-3F7F9BB2D916}.Debug|Any CPU.ActiveCfg = Debug|Any CPU
		{6ABE378B-7B8B-48D7-B94F-3F7F9BB2D916}.Debug|Any CPU.Build.0 = Debug|Any CPU
		{6ABE378B-7B8B-48D7-B94F-3F7F9BB2D916}.Release|Any CPU.ActiveCfg = Release|Any CPU
		{6ABE378B-7B8B-48D7-B94F-3F7F9BB2D916}.Release|Any CPU.Build.0 = Release|Any CPU
		{7336BAC7-2AB0-431F-83C1-7CFA66FBB69A}.Debug|Any CPU.ActiveCfg = Debug|Any CPU
		{7336BAC7-2AB0-431F-83C1-7CFA66FBB69A}.Debug|Any CPU.Build.0 = Debug|Any CPU
		{7336BAC7-2AB0-431F-83C1-7CFA66FBB69A}.Release|Any CPU.ActiveCfg = Release|Any CPU
		{7336BAC7-2AB0-431F-83C1-7CFA66FBB69A}.Release|Any CPU.Build.0 = Release|Any CPU
		{6505F59C-6464-4593-8952-54F13805631B}.Debug|Any CPU.ActiveCfg = Debug|Any CPU
		{6505F59C-6464-4593-8952-54F13805631B}.Debug|Any CPU.Build.0 = Debug|Any CPU
		{6505F59C-6464-4593-8952-54F13805631B}.Release|Any CPU.ActiveCfg = Release|Any CPU
		{6505F59C-6464-4593-8952-54F13805631B}.Release|Any CPU.Build.0 = Release|Any CPU
		{F8B5713E-783A-4294-B432-B950CDDE62B9}.Debug|Any CPU.ActiveCfg = Debug|Any CPU
		{F8B5713E-783A-4294-B432-B950CDDE62B9}.Debug|Any CPU.Build.0 = Debug|Any CPU
		{F8B5713E-783A-4294-B432-B950CDDE62B9}.Release|Any CPU.ActiveCfg = Release|Any CPU
		{F8B5713E-783A-4294-B432-B950CDDE62B9}.Release|Any CPU.Build.0 = Release|Any CPU
		{6EC6EF78-0227-4D63-A457-D8FBFBAE52B0}.Debug|Any CPU.ActiveCfg = Debug|Any CPU
		{6EC6EF78-0227-4D63-A457-D8FBFBAE52B0}.Debug|Any CPU.Build.0 = Debug|Any CPU
		{6EC6EF78-0227-4D63-A457-D8FBFBAE52B0}.Release|Any CPU.ActiveCfg = Release|Any CPU
		{6EC6EF78-0227-4D63-A457-D8FBFBAE52B0}.Release|Any CPU.Build.0 = Release|Any CPU
		{2B675900-3D53-43B4-9B3C-B784A6AF45BB}.Debug|Any CPU.ActiveCfg = Debug|Any CPU
		{2B675900-3D53-43B4-9B3C-B784A6AF45BB}.Debug|Any CPU.Build.0 = Debug|Any CPU
		{2B675900-3D53-43B4-9B3C-B784A6AF45BB}.Release|Any CPU.ActiveCfg = Release|Any CPU
		{2B675900-3D53-43B4-9B3C-B784A6AF45BB}.Release|Any CPU.Build.0 = Release|Any CPU
	EndGlobalSection
	GlobalSection(SolutionProperties) = preSolution
		HideSolutionNode = FALSE
	EndGlobalSection
	GlobalSection(NestedProjects) = preSolution
		{6ABE378B-7B8B-48D7-B94F-3F7F9BB2D916} = {5D744AE0-EB78-4805-9B8B-8250F50067B7}
		{7336BAC7-2AB0-431F-83C1-7CFA66FBB69A} = {01C78EAF-0EF0-40A7-AB6B-DC0C0B26B0A5}
		{6505F59C-6464-4593-8952-54F13805631B} = {912DC122-1062-404B-8443-9D6ABBD1A635}
		{F8B5713E-783A-4294-B432-B950CDDE62B9} = {912DC122-1062-404B-8443-9D6ABBD1A635}
		{6EC6EF78-0227-4D63-A457-D8FBFBAE52B0} = {AF19A36E-9F91-4D49-8CCB-589EC06FEE95}
		{2B675900-3D53-43B4-9B3C-B784A6AF45BB} = {01C78EAF-0EF0-40A7-AB6B-DC0C0B26B0A5}
	EndGlobalSection
	GlobalSection(ExtensibilityGlobals) = postSolution
		SolutionGuid = {FAAFE970-F97B-41C4-9151-EE18E9707353}
	EndGlobalSection
EndGlobal
